
Microsoft Visual Studio Solution File, Format Version 12.00
# Visual Studio 15
VisualStudioVersion = 15.0.26228.4
MinimumVisualStudioVersion = 10.0.40219.1
Project("{2150E333-8FDC-42A3-9474-1A3956D46DE8}") = "src", "src", "{E0B7CF34-9810-40F0-94DB-E5947263B335}"
EndProject
Project("{9A19103F-16F7-4668-BE54-9A1E7A4F7556}") = "ConnectMe.Api", "src\ConnectMe.Api\ConnectMe.Api.csproj", "{D38FF2A8-3382-4703-A08D-9617E60DBBCC}"
EndProject
Global
	GlobalSection(SolutionConfigurationPlatforms) = preSolution
		Debug|Any CPU = Debug|Any CPU
		Debug|x64 = Debug|x64
		Debug|x86 = Debug|x86
		Release|Any CPU = Release|Any CPU
		Release|x64 = Release|x64
		Release|x86 = Release|x86
	EndGlobalSection
	GlobalSection(ProjectConfigurationPlatforms) = postSolution
		{D38FF2A8-3382-4703-A08D-9617E60DBBCC}.Debug|Any CPU.ActiveCfg = Debug|Any CPU
		{D38FF2A8-3382-4703-A08D-9617E60DBBCC}.Debug|Any CPU.Build.0 = Debug|Any CPU
		{D38FF2A8-3382-4703-A08D-9617E60DBBCC}.Debug|x64.ActiveCfg = Debug|Any CPU
		{D38FF2A8-3382-4703-A08D-9617E60DBBCC}.Debug|x64.Build.0 = Debug|Any CPU
		{D38FF2A8-3382-4703-A08D-9617E60DBBCC}.Debug|x86.ActiveCfg = Debug|Any CPU
		{D38FF2A8-3382-4703-A08D-9617E60DBBCC}.Debug|x86.Build.0 = Debug|Any CPU
		{D38FF2A8-3382-4703-A08D-9617E60DBBCC}.Release|Any CPU.ActiveCfg = Release|Any CPU
		{D38FF2A8-3382-4703-A08D-9617E60DBBCC}.Release|Any CPU.Build.0 = Release|Any CPU
		{D38FF2A8-3382-4703-A08D-9617E60DBBCC}.Release|x64.ActiveCfg = Release|Any CPU
		{D38FF2A8-3382-4703-A08D-9617E60DBBCC}.Release|x64.Build.0 = Release|Any CPU
		{D38FF2A8-3382-4703-A08D-9617E60DBBCC}.Release|x86.ActiveCfg = Release|Any CPU
		{D38FF2A8-3382-4703-A08D-9617E60DBBCC}.Release|x86.Build.0 = Release|Any CPU
	EndGlobalSection
	GlobalSection(SolutionProperties) = preSolution
		HideSolutionNode = FALSE
	EndGlobalSection
	GlobalSection(NestedProjects) = preSolution
		{D38FF2A8-3382-4703-A08D-9617E60DBBCC} = {E0B7CF34-9810-40F0-94DB-E5947263B335}
	EndGlobalSection
EndGlobal
